
Microsoft Visual Studio Solution File, Format Version 12.00
# Visual Studio Version 17
VisualStudioVersion = 17.4.33205.214
MinimumVisualStudioVersion = 10.0.40219.1
Project("{FAE04EC0-301F-11D3-BF4B-00C04F79EFBC}") = "ASP.NETCore", "ASP.NETCore.csproj", "{D25CEBDB-6A21-45D4-962A-E1782AB77C1C}"
EndProject
Project("{FAE04EC0-301F-11D3-BF4B-00C04F79EFBC}") = "Blazor.Server", "..\..\frontend\Blazor\Server\Blazor.Server.csproj", "{C22E1567-97CB-4A78-BEA0-8FB252567F76}"
EndProject
Project("{FAE04EC0-301F-11D3-BF4B-00C04F79EFBC}") = "Blazor.Client", "..\..\frontend\Blazor\Client\Blazor.Client.csproj", "{2C8EFBCD-1D4A-4735-9462-81FEBE5EDE90}"
EndProject
Project("{FAE04EC0-301F-11D3-BF4B-00C04F79EFBC}") = "Blazor.Shared", "..\..\frontend\Blazor\Shared\Blazor.Shared.csproj", "{76CE35C3-F3FB-4555-B056-D08E1E3DDAD4}"
EndProject
Global
	GlobalSection(SolutionConfigurationPlatforms) = preSolution
		Debug|Any CPU = Debug|Any CPU
		Release|Any CPU = Release|Any CPU
	EndGlobalSection
	GlobalSection(ProjectConfigurationPlatforms) = postSolution
		{D25CEBDB-6A21-45D4-962A-E1782AB77C1C}.Debug|Any CPU.ActiveCfg = Debug|Any CPU
		{D25CEBDB-6A21-45D4-962A-E1782AB77C1C}.Debug|Any CPU.Build.0 = Debug|Any CPU
		{D25CEBDB-6A21-45D4-962A-E1782AB77C1C}.Release|Any CPU.ActiveCfg = Release|Any CPU
		{D25CEBDB-6A21-45D4-962A-E1782AB77C1C}.Release|Any CPU.Build.0 = Release|Any CPU
		{C22E1567-97CB-4A78-BEA0-8FB252567F76}.Debug|Any CPU.ActiveCfg = Debug|Any CPU
		{C22E1567-97CB-4A78-BEA0-8FB252567F76}.Debug|Any CPU.Build.0 = Debug|Any CPU
		{C22E1567-97CB-4A78-BEA0-8FB252567F76}.Release|Any CPU.ActiveCfg = Release|Any CPU
		{C22E1567-97CB-4A78-BEA0-8FB252567F76}.Release|Any CPU.Build.0 = Release|Any CPU
		{2C8EFBCD-1D4A-4735-9462-81FEBE5EDE90}.Debug|Any CPU.ActiveCfg = Debug|Any CPU
		{2C8EFBCD-1D4A-4735-9462-81FEBE5EDE90}.Debug|Any CPU.Build.0 = Debug|Any CPU
		{2C8EFBCD-1D4A-4735-9462-81FEBE5EDE90}.Release|Any CPU.ActiveCfg = Release|Any CPU
		{2C8EFBCD-1D4A-4735-9462-81FEBE5EDE90}.Release|Any CPU.Build.0 = Release|Any CPU
		{76CE35C3-F3FB-4555-B056-D08E1E3DDAD4}.Debug|Any CPU.ActiveCfg = Debug|Any CPU
		{76CE35C3-F3FB-4555-B056-D08E1E3DDAD4}.Debug|Any CPU.Build.0 = Debug|Any CPU
		{76CE35C3-F3FB-4555-B056-D08E1E3DDAD4}.Release|Any CPU.ActiveCfg = Release|Any CPU
		{76CE35C3-F3FB-4555-B056-D08E1E3DDAD4}.Release|Any CPU.Build.0 = Release|Any CPU
	EndGlobalSection
	GlobalSection(SolutionProperties) = preSolution
		HideSolutionNode = FALSE
	EndGlobalSection
	GlobalSection(ExtensibilityGlobals) = postSolution
		SolutionGuid = {4B392019-57F2-458E-BF9C-60B649414C8C}
	EndGlobalSection
EndGlobal
